
Microsoft Visual Studio Solution File, Format Version 12.00
# Visual Studio 2012
Project("{FAE04EC0-301F-11D3-BF4B-00C04F79EFBC}") = "MongoDBRnD", "MongoDBRnD\MongoDBRnD.csproj", "{7F58FA6F-09BB-4890-857A-534DEBBFE205}"
EndProject
Global
	GlobalSection(SolutionConfigurationPlatforms) = preSolution
		Debug|Any CPU = Debug|Any CPU
		Release|Any CPU = Release|Any CPU
	EndGlobalSection
	GlobalSection(ProjectConfigurationPlatforms) = postSolution
		{7F58FA6F-09BB-4890-857A-534DEBBFE205}.Debug|Any CPU.ActiveCfg = Debug|Any CPU
		{7F58FA6F-09BB-4890-857A-534DEBBFE205}.Debug|Any CPU.Build.0 = Debug|Any CPU
		{7F58FA6F-09BB-4890-857A-534DEBBFE205}.Release|Any CPU.ActiveCfg = Release|Any CPU
		{7F58FA6F-09BB-4890-857A-534DEBBFE205}.Release|Any CPU.Build.0 = Release|Any CPU
	EndGlobalSection
	GlobalSection(SolutionProperties) = preSolution
		HideSolutionNode = FALSE
	EndGlobalSection
EndGlobal
